
Microsoft Visual Studio Solution File, Format Version 12.00
Project("{FAE04EC0-301F-11D3-BF4B-00C04F79EFBC}") = "Publist_Subscribe", "Publist_Subscribe\Publist_Subscribe.csproj", "{183CDDD9-7F91-4B77-9F97-56B06F816D76}"
EndProject
Global
	GlobalSection(SolutionConfigurationPlatforms) = preSolution
		Debug|Any CPU = Debug|Any CPU
		Release|Any CPU = Release|Any CPU
	EndGlobalSection
	GlobalSection(ProjectConfigurationPlatforms) = postSolution
		{183CDDD9-7F91-4B77-9F97-56B06F816D76}.Debug|Any CPU.ActiveCfg = Debug|Any CPU
		{183CDDD9-7F91-4B77-9F97-56B06F816D76}.Debug|Any CPU.Build.0 = Debug|Any CPU
		{183CDDD9-7F91-4B77-9F97-56B06F816D76}.Release|Any CPU.ActiveCfg = Release|Any CPU
		{183CDDD9-7F91-4B77-9F97-56B06F816D76}.Release|Any CPU.Build.0 = Release|Any CPU
	EndGlobalSection
EndGlobal
